
Microsoft Visual Studio Solution File, Format Version 12.00
# Visual Studio Version 16
VisualStudioVersion = 16.0.30907.101
MinimumVisualStudioVersion = 10.0.40219.1
Project("{FAE04EC0-301F-11D3-BF4B-00C04F79EFBC}") = "Antizapret", "Antizapret\Antizapret.csproj", "{A29E5E3D-E070-4142-8C79-6EBC23820D32}"
EndProject
Global
	GlobalSection(SolutionConfigurationPlatforms) = preSolution
		Debug|Any CPU = Debug|Any CPU
		Release|Any CPU = Release|Any CPU
	EndGlobalSection
	GlobalSection(ProjectConfigurationPlatforms) = postSolution
		{A29E5E3D-E070-4142-8C79-6EBC23820D32}.Debug|Any CPU.ActiveCfg = Debug|Any CPU
		{A29E5E3D-E070-4142-8C79-6EBC23820D32}.Debug|Any CPU.Build.0 = Debug|Any CPU
		{A29E5E3D-E070-4142-8C79-6EBC23820D32}.Release|Any CPU.ActiveCfg = Release|Any CPU
		{A29E5E3D-E070-4142-8C79-6EBC23820D32}.Release|Any CPU.Build.0 = Release|Any CPU
	EndGlobalSection
	GlobalSection(SolutionProperties) = preSolution
		HideSolutionNode = FALSE
	EndGlobalSection
	GlobalSection(ExtensibilityGlobals) = postSolution
		SolutionGuid = {06370E2B-3B17-4D0E-9812-0220C878E93C}
	EndGlobalSection
EndGlobal
